lockfileVersion: '6.0'

settings:
  autoInstallPeers: true
  excludeLinksFromLockfile: false

devDependencies:
  '@rollup/plugin-commonjs':
    specifier: ^25.0.7
    version: 25.0.7(rollup@4.8.0)
  '@rollup/plugin-json':
    specifier: ^6.1.0
    version: 6.1.0(rollup@4.8.0)
  fs:
    specifier: 0.0.1-security
    version: 0.0.1-security
  path:
    specifier: ^0.12.7
    version: 0.12.7
  rollup:
    specifier: ^4.8.0
    version: 4.8.0

packages:

  /@jridgewell/sourcemap-codec@1.4.15:
    resolution: {integrity: sha512-eF2rxCRulEKXHTRiDrDy6erMYWqNw4LPdQ8UQA4huuxaQsVeRPFl2oM8oDGxMFhJUWZf9McpLtJasDDZb/Bpeg==, tarball: https://registry.npmmirror.com/@jridgewell/sourcemap-codec/-/sourcemap-codec-1.4.15.tgz}
    dev: true

  /@rollup/plugin-commonjs@25.0.7(rollup@4.8.0):
    resolution: {integrity: sha512-nEvcR+LRjEjsaSsc4x3XZfCCvZIaSMenZu/OiwOKGN2UhQpAYI7ru7czFvyWbErlpoGjnSX3D5Ch5FcMA3kRWQ==, tarball: https://registry.npmmirror.com/@rollup/plugin-commonjs/-/plugin-commonjs-25.0.7.tgz}
    engines: {node: '>=14.0.0'}
    peerDependencies:
      rollup: ^2.68.0||^3.0.0||^4.0.0
    peerDependenciesMeta:
      rollup:
        optional: true
    dependencies:
      '@rollup/pluginutils': 5.1.0(rollup@4.8.0)
      commondir: 1.0.1
      estree-walker: 2.0.2
      glob: 8.1.0
      is-reference: 1.2.1
      magic-string: 0.30.5
      rollup: 4.8.0
    dev: true

  /@rollup/plugin-json@6.1.0(rollup@4.8.0):
    resolution: {integrity: sha512-EGI2te5ENk1coGeADSIwZ7G2Q8CJS2sF120T7jLw4xFw9n7wIOXHo+kIYRAoVpJAN+kmqZSoO3Fp4JtoNF4ReA==, tarball: https://registry.npmmirror.com/@rollup/plugin-json/-/plugin-json-6.1.0.tgz}
    engines: {node: '>=14.0.0'}
    peerDependencies:
      rollup: ^1.20.0||^2.0.0||^3.0.0||^4.0.0
    peerDependenciesMeta:
      rollup:
        optional: true
    dependencies:
      '@rollup/pluginutils': 5.1.0(rollup@4.8.0)
      rollup: 4.8.0
    dev: true

  /@rollup/pluginutils@5.1.0(rollup@4.8.0):
    resolution: {integrity: sha512-XTIWOPPcpvyKI6L1NHo0lFlCyznUEyPmPY1mc3KpPVDYulHSTvyeLNVW00QTLIAFNhR3kYnJTQHeGqU4M3n09g==, tarball: https://registry.npmmirror.com/@rollup/pluginutils/-/pluginutils-5.1.0.tgz}
    engines: {node: '>=14.0.0'}
    peerDependencies:
      rollup: ^1.20.0||^2.0.0||^3.0.0||^4.0.0
    peerDependenciesMeta:
      rollup:
        optional: true
    dependencies:
      '@types/estree': 1.0.5
      estree-walker: 2.0.2
      picomatch: 2.3.1
      rollup: 4.8.0
    dev: true

  /@rollup/rollup-android-arm-eabi@4.8.0:
    resolution: {integrity: sha512-zdTObFRoNENrdPpnTNnhOljYIcOX7aI7+7wyrSpPFFIOf/nRdedE6IYsjaBE7tjukphh1tMTojgJ7p3lKY8x6Q==, tarball: https://registry.npmmirror.com/@rollup/rollup-android-arm-eabi/-/rollup-android-arm-eabi-4.8.0.tgz}
    cpu: [arm]
    os: [android]
    requiresBuild: true
    dev: true
    optional: true

  /@rollup/rollup-android-arm64@4.8.0:
    resolution: {integrity: sha512-aiItwP48BiGpMFS9Znjo/xCNQVwTQVcRKkFKsO81m8exrGjHkCBDvm9PHay2kpa8RPnZzzKcD1iQ9KaLY4fPQQ==, tarball: https://registry.npmmirror.com/@rollup/rollup-android-arm64/-/rollup-android-arm64-4.8.0.tgz}
    cpu: [arm64]
    os: [android]
    requiresBuild: true
    dev: true
    optional: true

  /@rollup/rollup-darwin-arm64@4.8.0:
    resolution: {integrity: sha512-zhNIS+L4ZYkYQUjIQUR6Zl0RXhbbA0huvNIWjmPc2SL0cB1h5Djkcy+RZ3/Bwszfb6vgwUvcVJYD6e6Zkpsi8g==, tarball: https://registry.npmmirror.com/@rollup/rollup-darwin-arm64/-/rollup-darwin-arm64-4.8.0.tgz}
    cpu: [arm64]
    os: [darwin]
    requiresBuild: true
    dev: true
    optional: true

  /@rollup/rollup-darwin-x64@4.8.0:
    resolution: {integrity: sha512-A/FAHFRNQYrELrb/JHncRWzTTXB2ticiRFztP4ggIUAfa9Up1qfW8aG2w/mN9jNiZ+HB0t0u0jpJgFXG6BfRTA==, tarball: https://registry.npmmirror.com/@rollup/rollup-darwin-x64/-/rollup-darwin-x64-4.8.0.tgz}
    cpu: [x64]
    os: [darwin]
    requiresBuild: true
    dev: true
    optional: true

  /@rollup/rollup-linux-arm-gnueabihf@4.8.0:
    resolution: {integrity: sha512-JsidBnh3p2IJJA4/2xOF2puAYqbaczB3elZDT0qHxn362EIoIkq7hrR43Xa8RisgI6/WPfvb2umbGsuvf7E37A==, tarball: https://registry.npmmirror.com/@rollup/rollup-linux-arm-gnueabihf/-/rollup-linux-arm-gnueabihf-4.8.0.tgz}
    cpu: [arm]
    os: [linux]
    requiresBuild: true
    dev: true
    optional: true

  /@rollup/rollup-linux-arm64-gnu@4.8.0:
    resolution: {integrity: sha512-hBNCnqw3EVCkaPB0Oqd24bv8SklETptQWcJz06kb9OtiShn9jK1VuTgi7o4zPSt6rNGWQOTDEAccbk0OqJmS+g==, tarball: https://registry.npmmirror.com/@rollup/rollup-linux-arm64-gnu/-/rollup-linux-arm64-gnu-4.8.0.tgz}
    cpu: [arm64]
    os: [linux]
    libc: [glibc]
    requiresBuild: true
    dev: true
    optional: true

  /@rollup/rollup-linux-arm64-musl@4.8.0:
    resolution: {integrity: sha512-Fw9ChYfJPdltvi9ALJ9wzdCdxGw4wtq4t1qY028b2O7GwB5qLNSGtqMsAel1lfWTZvf4b6/+4HKp0GlSYg0ahA==, tarball: https://registry.npmmirror.com/@rollup/rollup-linux-arm64-musl/-/rollup-linux-arm64-musl-4.8.0.tgz}
    cpu: [arm64]
    os: [linux]
    libc: [musl]
    requiresBuild: true
    dev: true
    optional: true

  /@rollup/rollup-linux-riscv64-gnu@4.8.0:
    resolution: {integrity: sha512-BH5xIh7tOzS9yBi8dFrCTG8Z6iNIGWGltd3IpTSKp6+pNWWO6qy8eKoRxOtwFbMrid5NZaidLYN6rHh9aB8bEw==, tarball: https://registry.npmmirror.com/@rollup/rollup-linux-riscv64-gnu/-/rollup-linux-riscv64-gnu-4.8.0.tgz}
    cpu: [riscv64]
    os: [linux]
    libc: [glibc]
    requiresBuild: true
    dev: true
    optional: true

  /@rollup/rollup-linux-x64-gnu@4.8.0:
    resolution: {integrity: sha512-PmvAj8k6EuWiyLbkNpd6BLv5XeYFpqWuRvRNRl80xVfpGXK/z6KYXmAgbI4ogz7uFiJxCnYcqyvZVD0dgFog7Q==, tarball: https://registry.npmmirror.com/@rollup/rollup-linux-x64-gnu/-/rollup-linux-x64-gnu-4.8.0.tgz}
    cpu: [x64]
    os: [linux]
    libc: [glibc]
    requiresBuild: true
    dev: true
    optional: true

  /@rollup/rollup-linux-x64-musl@4.8.0:
    resolution: {integrity: sha512-mdxnlW2QUzXwY+95TuxZ+CurrhgrPAMveDWI97EQlA9bfhR8tw3Pt7SUlc/eSlCNxlWktpmT//EAA8UfCHOyXg==, tarball: https://registry.npmmirror.com/@rollup/rollup-linux-x64-musl/-/rollup-linux-x64-musl-4.8.0.tgz}
    cpu: [x64]
    os: [linux]
    libc: [musl]
    requiresBuild: true
    dev: true
    optional: true

  /@rollup/rollup-win32-arm64-msvc@4.8.0:
    resolution: {integrity: sha512-ge7saUz38aesM4MA7Cad8CHo0Fyd1+qTaqoIo+Jtk+ipBi4ATSrHWov9/S4u5pbEQmLjgUjB7BJt+MiKG2kzmA==, tarball: https://registry.npmmirror.com/@rollup/rollup-win32-arm64-msvc/-/rollup-win32-arm64-msvc-4.8.0.tgz}
    cpu: [arm64]
    os: [win32]
    requiresBuild: true
    dev: true
    optional: true

  /@rollup/rollup-win32-ia32-msvc@4.8.0:
    resolution: {integrity: sha512-p9E3PZlzurhlsN5h9g7zIP1DnqKXJe8ZUkFwAazqSvHuWfihlIISPxG9hCHCoA+dOOspL/c7ty1eeEVFTE0UTw==, tarball: https://registry.npmmirror.com/@rollup/rollup-win32-ia32-msvc/-/rollup-win32-ia32-msvc-4.8.0.tgz}
    cpu: [ia32]
    os: [win32]
    requiresBuild: true
    dev: true
    optional: true

  /@rollup/rollup-win32-x64-msvc@4.8.0:
    resolution: {integrity: sha512-kb4/auKXkYKqlUYTE8s40FcJIj5soOyRLHKd4ugR0dCq0G2EfcF54eYcfQiGkHzjidZ40daB4ulsFdtqNKZtBg==, tarball: https://registry.npmmirror.com/@rollup/rollup-win32-x64-msvc/-/rollup-win32-x64-msvc-4.8.0.tgz}
    cpu: [x64]
    os: [win32]
    requiresBuild: true
    dev: true
    optional: true

  /@types/estree@1.0.5:
    resolution: {integrity: sha512-/kYRxGDLWzHOB7q+wtSUQlFrtcdUccpfy+X+9iMBpHK8QLLhx2wIPYuS5DYtR9Wa/YlZAbIovy7qVdB1Aq6Lyw==, tarball: https://registry.npmmirror.com/@types/estree/-/estree-1.0.5.tgz}
    dev: true

  /balanced-match@1.0.2:
    resolution: {integrity: sha512-3oSeUO0TMV67hN1AmbXsK4yaqU7tjiHlbxRDZOpH0KW9+CeX4bRAaX0Anxt0tx2MrpRpWwQaPwIlISEJhYU5Pw==, tarball: https://registry.npmmirror.com/balanced-match/-/balanced-match-1.0.2.tgz}
    dev: true

  /brace-expansion@2.0.1:
    resolution: {integrity: sha512-XnAIvQ8eM+kC6aULx6wuQiwVsnzsi9d3WxzV3FpWTGA19F621kwdbsAcFKXgKUHZWsy+mY6iL1sHTxWEFCytDA==, tarball: https://registry.npmmirror.com/brace-expansion/-/brace-expansion-2.0.1.tgz}
    dependencies:
      balanced-match: 1.0.2
    dev: true

  /commondir@1.0.1:
    resolution: {integrity: sha512-W9pAhw0ja1Edb5GVdIF1mjZw/ASI0AlShXM83UUGe2DVr5TdAPEA1OA8m/g8zWp9x6On7gqufY+FatDbC3MDQg==, tarball: https://registry.npmmirror.com/commondir/-/commondir-1.0.1.tgz}
    dev: true

  /estree-walker@2.0.2:
    resolution: {integrity: sha512-Rfkk/Mp/DL7JVje3u18FxFujQlTNR2q6QfMSMB7AvCBx91NGj/ba3kCfza0f6dVDbw7YlRf/nDrn7pQrCCyQ/w==, tarball: https://registry.npmmirror.com/estree-walker/-/estree-walker-2.0.2.tgz}
    dev: true

  /fs.realpath@1.0.0:
    resolution: {integrity: sha512-OO0pH2lK6a0hZnAdau5ItzHPI6pUlvI7jMVnxUQRtw4owF2wk8lOSabtGDCTP4Ggrg2MbGnWO9X8K1t4+fGMDw==, tarball: https://registry.npmmirror.com/fs.realpath/-/fs.realpath-1.0.0.tgz}
    dev: true

  /fs@0.0.1-security:
    resolution: {integrity: sha512-3XY9e1pP0CVEUCdj5BmfIZxRBTSDycnbqhIOGec9QYtmVH2fbLpj86CFWkrNOkt/Fvty4KZG5lTglL9j/gJ87w==, tarball: https://registry.npmmirror.com/fs/-/fs-0.0.1-security.tgz}
    dev: true

  /fsevents@2.3.3:
    resolution: {integrity: sha512-5xoDfX+fL7faATnagmWPpbFtwh/R77WmMMqqHGS65C3vvB0YHrgF+B1YmZ3441tMj5n63k0212XNoJwzlhffQw==, tarball: https://registry.npmmirror.com/fsevents/-/fsevents-2.3.3.tgz}
    engines: {node: ^8.16.0 || ^10.6.0 || >=11.0.0}
    os: [darwin]
    requiresBuild: true
    dev: true
    optional: true

  /glob@8.1.0:
    resolution: {integrity: sha512-r8hpEjiQEYlF2QU0df3dS+nxxSIreXQS1qRhMJM0Q5NDdR386C7jb7Hwwod8Fgiuex+k0GFjgft18yvxm5XoCQ==, tarball: https://registry.npmmirror.com/glob/-/glob-8.1.0.tgz}
    engines: {node: '>=12'}
    dependencies:
      fs.realpath: 1.0.0
      inflight: 1.0.6
      inherits: 2.0.3
      minimatch: 5.1.6
      once: 1.4.0
    dev: true

  /inflight@1.0.6:
    resolution: {integrity: sha512-k92I/b08q4wvFscXCLvqfsHCrjrF7yiXsQuIVvVE7N82W3+aqpzuUdBbfhWcy/FZR3/4IgflMgKLOsvPDrGCJA==, tarball: https://registry.npmmirror.com/inflight/-/inflight-1.0.6.tgz}
    dependencies:
      once: 1.4.0
      wrappy: 1.0.2
    dev: true

  /inherits@2.0.3:
    resolution: {integrity: sha512-x00IRNXNy63jwGkJmzPigoySHbaqpNuzKbBOmzK+g2OdZpQ9w+sxCN+VSB3ja7IAge2OP2qpfxTjeNcyjmW1uw==, tarball: https://registry.npmmirror.com/inherits/-/inherits-2.0.3.tgz}
    dev: true

  /is-reference@1.2.1:
    resolution: {integrity: sha512-U82MsXXiFIrjCK4otLT+o2NA2Cd2g5MLoOVXUZjIOhLurrRxpEXzI8O0KZHr3IjLvlAH1kTPYSuqer5T9ZVBKQ==, tarball: https://registry.npmmirror.com/is-reference/-/is-reference-1.2.1.tgz}
    dependencies:
      '@types/estree': 1.0.5
    dev: true

  /magic-string@0.30.5:
    resolution: {integrity: sha512-7xlpfBaQaP/T6Vh8MO/EqXSW5En6INHEvEXQiuff7Gku0PWjU3uf6w/j9o7O+SpB5fOAkrI5HeoNgwjEO0pFsA==, tarball: https://registry.npmmirror.com/magic-string/-/magic-string-0.30.5.tgz}
    engines: {node: '>=12'}
    dependencies:
      '@jridgewell/sourcemap-codec': 1.4.15
    dev: true

  /minimatch@5.1.6:
    resolution: {integrity: sha512-lKwV/1brpG6mBUFHtb7NUmtABCb2WZZmm2wNiOA5hAb8VdCS4B3dtMWyvcoViccwAW/COERjXLt0zP1zXUN26g==, tarball: https://registry.npmmirror.com/minimatch/-/minimatch-5.1.6.tgz}
    engines: {node: '>=10'}
    dependencies:
      brace-expansion: 2.0.1
    dev: true

  /once@1.4.0:
    resolution: {integrity: sha512-lNaJgI+2Q5URQBkccEKHTQOPaXdUxnZZElQTZY0MFUAuaEqe1E+Nyvgdz/aIyNi6Z9MzO5dv1H8n58/GELp3+w==, tarball: https://registry.npmmirror.com/once/-/once-1.4.0.tgz}
    dependencies:
      wrappy: 1.0.2
    dev: true

  /path@0.12.7:
    resolution: {integrity: sha512-aXXC6s+1w7otVF9UletFkFcDsJeO7lSZBPUQhtb5O0xJe8LtYhj/GxldoL09bBj9+ZmE2hNoHqQSFMN5fikh4Q==, tarball: https://registry.npmmirror.com/path/-/path-0.12.7.tgz}
    dependencies:
      process: 0.11.10
      util: 0.10.4
    dev: true

  /picomatch@2.3.1:
    resolution: {integrity: sha512-JU3teHTNjmE2VCGFzuY8EXzCDVwEqB2a8fsIvwaStHhAWJEeVd1o1QD80CU6+ZdEXXSLbSsuLwJjkCBWqRQUVA==, tarball: https://registry.npmmirror.com/picomatch/-/picomatch-2.3.1.tgz}
    engines: {node: '>=8.6'}
    dev: true

  /process@0.11.10:
    resolution: {integrity: sha512-cdGef/drWFoydD1JsMzuFf8100nZl+GT+yacc2bEced5f9Rjk4z+WtFUTBu9PhOi9j/jfmBPu0mMEY4wIdAF8A==, tarball: https://registry.npmmirror.com/process/-/process-0.11.10.tgz}
    engines: {node: '>= 0.6.0'}
    dev: true

  /rollup@4.8.0:
    resolution: {integrity: sha512-NpsklK2fach5CdI+PScmlE5R4Ao/FSWtF7LkoIrHDxPACY/xshNasPsbpG0VVHxUTbf74tJbVT4PrP8JsJ6ZDA==, tarball: https://registry.npmmirror.com/rollup/-/rollup-4.8.0.tgz}
    engines: {node: '>=18.0.0', npm: '>=8.0.0'}
    hasBin: true
    optionalDependencies:
      '@rollup/rollup-android-arm-eabi': 4.8.0
      '@rollup/rollup-android-arm64': 4.8.0
      '@rollup/rollup-darwin-arm64': 4.8.0
      '@rollup/rollup-darwin-x64': 4.8.0
      '@rollup/rollup-linux-arm-gnueabihf': 4.8.0
      '@rollup/rollup-linux-arm64-gnu': 4.8.0
      '@rollup/rollup-linux-arm64-musl': 4.8.0
      '@rollup/rollup-linux-riscv64-gnu': 4.8.0
      '@rollup/rollup-linux-x64-gnu': 4.8.0
      '@rollup/rollup-linux-x64-musl': 4.8.0
      '@rollup/rollup-win32-arm64-msvc': 4.8.0
      '@rollup/rollup-win32-ia32-msvc': 4.8.0
      '@rollup/rollup-win32-x64-msvc': 4.8.0
      fsevents: 2.3.3
    dev: true

  /util@0.10.4:
    resolution: {integrity: sha512-0Pm9hTQ3se5ll1XihRic3FDIku70C+iHUdT/W926rSgHV5QgXsYbKZN8MSC3tJtSkhuROzvsQjAaFENRXr+19A==, tarball: https://registry.npmmirror.com/util/-/util-0.10.4.tgz}
    dependencies:
      inherits: 2.0.3
    dev: true

  /wrappy@1.0.2:
    resolution: {integrity: sha512-l4Sp/DRseor9wL6EvV2+TuQn63dMkPjZ/sp9XkghTEbV9KlPS1xUsZ3u7/IQO4wxtcFB4bgpQPRcR3QCvezPcQ==, tarball: https://registry.npmmirror.com/wrappy/-/wrappy-1.0.2.tgz}
    dev: true
